
Microsoft Visual Studio Solution File, Format Version 12.00
# Visual Studio Version 16
VisualStudioVersion = 16.0.30907.101
MinimumVisualStudioVersion = 10.0.40219.1
Project("{9A19103F-16F7-4668-BE54-9A1E7A4F7556}") = "CalculatorTest", "CalculatorTest\CalculatorTest.csproj", "{20F63E1D-6C69-4425-B68B-535FD1C861D8}"
EndProject
Project("{FAE04EC0-301F-11D3-BF4B-00C04F79EFBC}") = "Calculator.Unit.Test", "Calculator.Unit.Test\Calculator.Unit.Test.csproj", "{6337628A-2627-4C8C-A8A0-855F0B534CC1}"
EndProject
Global
	GlobalSection(SolutionConfigurationPlatforms) = preSolution
		Debug|Any CPU = Debug|Any CPU
		Release|Any CPU = Release|Any CPU
	EndGlobalSection
	GlobalSection(ProjectConfigurationPlatforms) = postSolution
		{20F63E1D-6C69-4425-B68B-535FD1C861D8}.Debug|Any CPU.ActiveCfg = Debug|Any CPU
		{20F63E1D-6C69-4425-B68B-535FD1C861D8}.Debug|Any CPU.Build.0 = Debug|Any CPU
		{20F63E1D-6C69-4425-B68B-535FD1C861D8}.Release|Any CPU.ActiveCfg = Release|Any CPU
		{20F63E1D-6C69-4425-B68B-535FD1C861D8}.Release|Any CPU.Build.0 = Release|Any CPU
		{6337628A-2627-4C8C-A8A0-855F0B534CC1}.Debug|Any CPU.ActiveCfg = Debug|Any CPU
		{6337628A-2627-4C8C-A8A0-855F0B534CC1}.Debug|Any CPU.Build.0 = Debug|Any CPU
		{6337628A-2627-4C8C-A8A0-855F0B534CC1}.Release|Any CPU.ActiveCfg = Release|Any CPU
		{6337628A-2627-4C8C-A8A0-855F0B534CC1}.Release|Any CPU.Build.0 = Release|Any CPU
	EndGlobalSection
	GlobalSection(SolutionProperties) = preSolution
		HideSolutionNode = FALSE
	EndGlobalSection
	GlobalSection(ExtensibilityGlobals) = postSolution
		SolutionGuid = {0BF90578-C94D-4233-96C6-153BABA99FA9}
	EndGlobalSection
EndGlobal
